
Microsoft Visual Studio Solution File, Format Version 12.00
# Visual Studio Version 16
VisualStudioVersion = 16.0.29609.76
MinimumVisualStudioVersion = 15.0.26124.0
Project("{2150E333-8FDC-42A3-9474-1A3956D46DE8}") = "Services", "Services", "{89DD2230-789B-4084-BBA3-2DDFA8B4D794}"
EndProject
Project("{2150E333-8FDC-42A3-9474-1A3956D46DE8}") = "Front", "Front", "{AE869B9F-E2DE-472C-9F33-87AFF331D819}"
EndProject
Project("{9A19103F-16F7-4668-BE54-9A1E7A4F7556}") = "Farm.UI", "Front\Farm.UI\Farm.UI.csproj", "{D567BB79-8DAD-435C-A52C-CDDBA6274DDF}"
EndProject
Project("{2150E333-8FDC-42A3-9474-1A3956D46DE8}") = "Billing", "Billing", "{74D6D139-D85F-4BAA-A32F-8ADF5FFD24B3}"
EndProject
Project("{2150E333-8FDC-42A3-9474-1A3956D46DE8}") = "Suppliers", "Suppliers", "{042327F8-099D-43BA-97F8-6B4E630FBE22}"
EndProject
Project("{9A19103F-16F7-4668-BE54-9A1E7A4F7556}") = "Farm.Billing.WebAPI", "Services\Billing\Farm.Billing.WebAPI\Farm.Billing.WebAPI.csproj", "{8678EE84-ECAD-4DC2-ACCC-9EDE6D1AE077}"
EndProject
Project("{9A19103F-16F7-4668-BE54-9A1E7A4F7556}") = "Farm.Billing.Infrastructure", "Services\Billing\Farm.Billing.Infrastructure\Farm.Billing.Infrastructure.csproj", "{E2138CCC-05F5-4206-A971-7B5C7D3E0541}"
EndProject
Project("{2150E333-8FDC-42A3-9474-1A3956D46DE8}") = "Animal", "Animal", "{1D003342-BBC6-473A-A3F7-ADC5F4B35923}"
EndProject
Project("{2150E333-8FDC-42A3-9474-1A3956D46DE8}") = "Infrastructure", "Infrastructure", "{0A209212-8F32-44E2-A0F3-E0BE0577F301}"
EndProject
Project("{9A19103F-16F7-4668-BE54-9A1E7A4F7556}") = "Farm.Infrastructure", "Infrastructure\Farm.Infrastructure\Farm.Infrastructure.csproj", "{9DE8CBD8-73DB-4115-9E8E-BED70BDCF449}"
EndProject
Project("{9A19103F-16F7-4668-BE54-9A1E7A4F7556}") = "Farm.Animal.Infrastructure", "Services\Animals\Farm.Animal.Infrastructure\Farm.Animal.Infrastructure.csproj", "{98630D83-0F2D-4186-8154-9F5DC193B0C2}"
EndProject
Project("{9A19103F-16F7-4668-BE54-9A1E7A4F7556}") = "Farm.Animal.WebAPI", "Services\Animals\Farm.Animal.WebAPI\Farm.Animal.WebAPI.csproj", "{4CA322CB-5F38-4FD4-B118-7C568A4F1B2D}"
EndProject
Project("{FAE04EC0-301F-11D3-BF4B-00C04F79EFBC}") = "Farm.Suppliers.Infrastructure", "Services\Suppliers\Farm.Suppliers.Infrastructure\Farm.Suppliers.Infrastructure.csproj", "{BB5BBE1E-E38A-4B79-A549-9F15F1BBF000}"
EndProject
Project("{FAE04EC0-301F-11D3-BF4B-00C04F79EFBC}") = "Farm.Suppliers.WebAPI", "Services\Suppliers\Farm.Suppliers.WebAPI\Farm.Suppliers.WebAPI.csproj", "{47CC3863-20ED-441C-AC87-FEF46255A463}"
EndProject
Global
	GlobalSection(SolutionConfigurationPlatforms) = preSolution
		Debug|Any CPU = Debug|Any CPU
		Debug|x64 = Debug|x64
		Debug|x86 = Debug|x86
		Release|Any CPU = Release|Any CPU
		Release|x64 = Release|x64
		Release|x86 = Release|x86
	EndGlobalSection
	GlobalSection(ProjectConfigurationPlatforms) = postSolution
		{D567BB79-8DAD-435C-A52C-CDDBA6274DDF}.Debug|Any CPU.ActiveCfg = Debug|Any CPU
		{D567BB79-8DAD-435C-A52C-CDDBA6274DDF}.Debug|Any CPU.Build.0 = Debug|Any CPU
		{D567BB79-8DAD-435C-A52C-CDDBA6274DDF}.Debug|x64.ActiveCfg = Debug|Any CPU
		{D567BB79-8DAD-435C-A52C-CDDBA6274DDF}.Debug|x64.Build.0 = Debug|Any CPU
		{D567BB79-8DAD-435C-A52C-CDDBA6274DDF}.Debug|x86.ActiveCfg = Debug|Any CPU
		{D567BB79-8DAD-435C-A52C-CDDBA6274DDF}.Debug|x86.Build.0 = Debug|Any CPU
		{D567BB79-8DAD-435C-A52C-CDDBA6274DDF}.Release|Any CPU.ActiveCfg = Release|Any CPU
		{D567BB79-8DAD-435C-A52C-CDDBA6274DDF}.Release|Any CPU.Build.0 = Release|Any CPU
		{D567BB79-8DAD-435C-A52C-CDDBA6274DDF}.Release|x64.ActiveCfg = Release|Any CPU
		{D567BB79-8DAD-435C-A52C-CDDBA6274DDF}.Release|x64.Build.0 = Release|Any CPU
		{D567BB79-8DAD-435C-A52C-CDDBA6274DDF}.Release|x86.ActiveCfg = Release|Any CPU
		{D567BB79-8DAD-435C-A52C-CDDBA6274DDF}.Release|x86.Build.0 = Release|Any CPU
		{8678EE84-ECAD-4DC2-ACCC-9EDE6D1AE077}.Debug|Any CPU.ActiveCfg = Debug|Any CPU
		{8678EE84-ECAD-4DC2-ACCC-9EDE6D1AE077}.Debug|Any CPU.Build.0 = Debug|Any CPU
		{8678EE84-ECAD-4DC2-ACCC-9EDE6D1AE077}.Debug|x64.ActiveCfg = Debug|Any CPU
		{8678EE84-ECAD-4DC2-ACCC-9EDE6D1AE077}.Debug|x64.Build.0 = Debug|Any CPU
		{8678EE84-ECAD-4DC2-ACCC-9EDE6D1AE077}.Debug|x86.ActiveCfg = Debug|Any CPU
		{8678EE84-ECAD-4DC2-ACCC-9EDE6D1AE077}.Debug|x86.Build.0 = Debug|Any CPU
		{8678EE84-ECAD-4DC2-ACCC-9EDE6D1AE077}.Release|Any CPU.ActiveCfg = Release|Any CPU
		{8678EE84-ECAD-4DC2-ACCC-9EDE6D1AE077}.Release|Any CPU.Build.0 = Release|Any CPU
		{8678EE84-ECAD-4DC2-ACCC-9EDE6D1AE077}.Release|x64.ActiveCfg = Release|Any CPU
		{8678EE84-ECAD-4DC2-ACCC-9EDE6D1AE077}.Release|x64.Build.0 = Release|Any CPU
		{8678EE84-ECAD-4DC2-ACCC-9EDE6D1AE077}.Release|x86.ActiveCfg = Release|Any CPU
		{8678EE84-ECAD-4DC2-ACCC-9EDE6D1AE077}.Release|x86.Build.0 = Release|Any CPU
		{E2138CCC-05F5-4206-A971-7B5C7D3E0541}.Debug|Any CPU.ActiveCfg = Debug|Any CPU
		{E2138CCC-05F5-4206-A971-7B5C7D3E0541}.Debug|Any CPU.Build.0 = Debug|Any CPU
		{E2138CCC-05F5-4206-A971-7B5C7D3E0541}.Debug|x64.ActiveCfg = Debug|Any CPU
		{E2138CCC-05F5-4206-A971-7B5C7D3E0541}.Debug|x64.Build.0 = Debug|Any CPU
		{E2138CCC-05F5-4206-A971-7B5C7D3E0541}.Debug|x86.ActiveCfg = Debug|Any CPU
		{E2138CCC-05F5-4206-A971-7B5C7D3E0541}.Debug|x86.Build.0 = Debug|Any CPU
		{E2138CCC-05F5-4206-A971-7B5C7D3E0541}.Release|Any CPU.ActiveCfg = Release|Any CPU
		{E2138CCC-05F5-4206-A971-7B5C7D3E0541}.Release|Any CPU.Build.0 = Release|Any CPU
		{E2138CCC-05F5-4206-A971-7B5C7D3E0541}.Release|x64.ActiveCfg = Release|Any CPU
		{E2138CCC-05F5-4206-A971-7B5C7D3E0541}.Release|x64.Build.0 = Release|Any CPU
		{E2138CCC-05F5-4206-A971-7B5C7D3E0541}.Release|x86.ActiveCfg = Release|Any CPU
		{E2138CCC-05F5-4206-A971-7B5C7D3E0541}.Release|x86.Build.0 = Release|Any CPU
		{9DE8CBD8-73DB-4115-9E8E-BED70BDCF449}.Debug|Any CPU.ActiveCfg = Debug|Any CPU
		{9DE8CBD8-73DB-4115-9E8E-BED70BDCF449}.Debug|Any CPU.Build.0 = Debug|Any CPU
		{9DE8CBD8-73DB-4115-9E8E-BED70BDCF449}.Debug|x64.ActiveCfg = Debug|Any CPU
		{9DE8CBD8-73DB-4115-9E8E-BED70BDCF449}.Debug|x64.Build.0 = Debug|Any CPU
		{9DE8CBD8-73DB-4115-9E8E-BED70BDCF449}.Debug|x86.ActiveCfg = Debug|Any CPU
		{9DE8CBD8-73DB-4115-9E8E-BED70BDCF449}.Debug|x86.Build.0 = Debug|Any CPU
		{9DE8CBD8-73DB-4115-9E8E-BED70BDCF449}.Release|Any CPU.ActiveCfg = Release|Any CPU
		{9DE8CBD8-73DB-4115-9E8E-BED70BDCF449}.Release|Any CPU.Build.0 = Release|Any CPU
		{9DE8CBD8-73DB-4115-9E8E-BED70BDCF449}.Release|x64.ActiveCfg = Release|Any CPU
		{9DE8CBD8-73DB-4115-9E8E-BED70BDCF449}.Release|x64.Build.0 = Release|Any CPU
		{9DE8CBD8-73DB-4115-9E8E-BED70BDCF449}.Release|x86.ActiveCfg = Release|Any CPU
		{9DE8CBD8-73DB-4115-9E8E-BED70BDCF449}.Release|x86.Build.0 = Release|Any CPU
		{98630D83-0F2D-4186-8154-9F5DC193B0C2}.Debug|Any CPU.ActiveCfg = Debug|Any CPU
		{98630D83-0F2D-4186-8154-9F5DC193B0C2}.Debug|Any CPU.Build.0 = Debug|Any CPU
		{98630D83-0F2D-4186-8154-9F5DC193B0C2}.Debug|x64.ActiveCfg = Debug|Any CPU
		{98630D83-0F2D-4186-8154-9F5DC193B0C2}.Debug|x64.Build.0 = Debug|Any CPU
		{98630D83-0F2D-4186-8154-9F5DC193B0C2}.Debug|x86.ActiveCfg = Debug|Any CPU
		{98630D83-0F2D-4186-8154-9F5DC193B0C2}.Debug|x86.Build.0 = Debug|Any CPU
		{98630D83-0F2D-4186-8154-9F5DC193B0C2}.Release|Any CPU.ActiveCfg = Release|Any CPU
		{98630D83-0F2D-4186-8154-9F5DC193B0C2}.Release|Any CPU.Build.0 = Release|Any CPU
		{98630D83-0F2D-4186-8154-9F5DC193B0C2}.Release|x64.ActiveCfg = Release|Any CPU
		{98630D83-0F2D-4186-8154-9F5DC193B0C2}.Release|x64.Build.0 = Release|Any CPU
		{98630D83-0F2D-4186-8154-9F5DC193B0C2}.Release|x86.ActiveCfg = Release|Any CPU
		{98630D83-0F2D-4186-8154-9F5DC193B0C2}.Release|x86.Build.0 = Release|Any CPU
		{4CA322CB-5F38-4FD4-B118-7C568A4F1B2D}.Debug|Any CPU.ActiveCfg = Debug|Any CPU
		{4CA322CB-5F38-4FD4-B118-7C568A4F1B2D}.Debug|Any CPU.Build.0 = Debug|Any CPU
		{4CA322CB-5F38-4FD4-B118-7C568A4F1B2D}.Debug|x64.ActiveCfg = Debug|Any CPU
		{4CA322CB-5F38-4FD4-B118-7C568A4F1B2D}.Debug|x64.Build.0 = Debug|Any CPU
		{4CA322CB-5F38-4FD4-B118-7C568A4F1B2D}.Debug|x86.ActiveCfg = Debug|Any CPU
		{4CA322CB-5F38-4FD4-B118-7C568A4F1B2D}.Debug|x86.Build.0 = Debug|Any CPU
		{4CA322CB-5F38-4FD4-B118-7C568A4F1B2D}.Release|Any CPU.ActiveCfg = Release|Any CPU
		{4CA322CB-5F38-4FD4-B118-7C568A4F1B2D}.Release|Any CPU.Build.0 = Release|Any CPU
		{4CA322CB-5F38-4FD4-B118-7C568A4F1B2D}.Release|x64.ActiveCfg = Release|Any CPU
		{4CA322CB-5F38-4FD4-B118-7C568A4F1B2D}.Release|x64.Build.0 = Release|Any CPU
		{4CA322CB-5F38-4FD4-B118-7C568A4F1B2D}.Release|x86.ActiveCfg = Release|Any CPU
		{4CA322CB-5F38-4FD4-B118-7C568A4F1B2D}.Release|x86.Build.0 = Release|Any CPU
		{BB5BBE1E-E38A-4B79-A549-9F15F1BBF000}.Debug|Any CPU.ActiveCfg = Debug|Any CPU
		{BB5BBE1E-E38A-4B79-A549-9F15F1BBF000}.Debug|Any CPU.Build.0 = Debug|Any CPU
		{BB5BBE1E-E38A-4B79-A549-9F15F1BBF000}.Debug|x64.ActiveCfg = Debug|Any CPU
		{BB5BBE1E-E38A-4B79-A549-9F15F1BBF000}.Debug|x64.Build.0 = Debug|Any CPU
		{BB5BBE1E-E38A-4B79-A549-9F15F1BBF000}.Debug|x86.ActiveCfg = Debug|Any CPU
		{BB5BBE1E-E38A-4B79-A549-9F15F1BBF000}.Debug|x86.Build.0 = Debug|Any CPU
		{BB5BBE1E-E38A-4B79-A549-9F15F1BBF000}.Release|Any CPU.ActiveCfg = Release|Any CPU
		{BB5BBE1E-E38A-4B79-A549-9F15F1BBF000}.Release|Any CPU.Build.0 = Release|Any CPU
		{BB5BBE1E-E38A-4B79-A549-9F15F1BBF000}.Release|x64.ActiveCfg = Release|Any CPU
		{BB5BBE1E-E38A-4B79-A549-9F15F1BBF000}.Release|x64.Build.0 = Release|Any CPU
		{BB5BBE1E-E38A-4B79-A549-9F15F1BBF000}.Release|x86.ActiveCfg = Release|Any CPU
		{BB5BBE1E-E38A-4B79-A549-9F15F1BBF000}.Release|x86.Build.0 = Release|Any CPU
		{47CC3863-20ED-441C-AC87-FEF46255A463}.Debug|Any CPU.ActiveCfg = Debug|Any CPU
		{47CC3863-20ED-441C-AC87-FEF46255A463}.Debug|Any CPU.Build.0 = Debug|Any CPU
		{47CC3863-20ED-441C-AC87-FEF46255A463}.Debug|x64.ActiveCfg = Debug|Any CPU
		{47CC3863-20ED-441C-AC87-FEF46255A463}.Debug|x64.Build.0 = Debug|Any CPU
		{47CC3863-20ED-441C-AC87-FEF46255A463}.Debug|x86.ActiveCfg = Debug|Any CPU
		{47CC3863-20ED-441C-AC87-FEF46255A463}.Debug|x86.Build.0 = Debug|Any CPU
		{47CC3863-20ED-441C-AC87-FEF46255A463}.Release|Any CPU.ActiveCfg = Release|Any CPU
		{47CC3863-20ED-441C-AC87-FEF46255A463}.Release|Any CPU.Build.0 = Release|Any CPU
		{47CC3863-20ED-441C-AC87-FEF46255A463}.Release|x64.ActiveCfg = Release|Any CPU
		{47CC3863-20ED-441C-AC87-FEF46255A463}.Release|x64.Build.0 = Release|Any CPU
		{47CC3863-20ED-441C-AC87-FEF46255A463}.Release|x86.ActiveCfg = Release|Any CPU
		{47CC3863-20ED-441C-AC87-FEF46255A463}.Release|x86.Build.0 = Release|Any CPU
	EndGlobalSection
	GlobalSection(SolutionProperties) = preSolution
		HideSolutionNode = FALSE
	EndGlobalSection
	GlobalSection(NestedProjects) = preSolution
		{D567BB79-8DAD-435C-A52C-CDDBA6274DDF} = {AE869B9F-E2DE-472C-9F33-87AFF331D819}
		{74D6D139-D85F-4BAA-A32F-8ADF5FFD24B3} = {89DD2230-789B-4084-BBA3-2DDFA8B4D794}
		{042327F8-099D-43BA-97F8-6B4E630FBE22} = {89DD2230-789B-4084-BBA3-2DDFA8B4D794}
		{8678EE84-ECAD-4DC2-ACCC-9EDE6D1AE077} = {74D6D139-D85F-4BAA-A32F-8ADF5FFD24B3}
		{E2138CCC-05F5-4206-A971-7B5C7D3E0541} = {74D6D139-D85F-4BAA-A32F-8ADF5FFD24B3}
		{1D003342-BBC6-473A-A3F7-ADC5F4B35923} = {89DD2230-789B-4084-BBA3-2DDFA8B4D794}
		{9DE8CBD8-73DB-4115-9E8E-BED70BDCF449} = {0A209212-8F32-44E2-A0F3-E0BE0577F301}
		{98630D83-0F2D-4186-8154-9F5DC193B0C2} = {1D003342-BBC6-473A-A3F7-ADC5F4B35923}
		{4CA322CB-5F38-4FD4-B118-7C568A4F1B2D} = {1D003342-BBC6-473A-A3F7-ADC5F4B35923}
		{BB5BBE1E-E38A-4B79-A549-9F15F1BBF000} = {042327F8-099D-43BA-97F8-6B4E630FBE22}
		{47CC3863-20ED-441C-AC87-FEF46255A463} = {042327F8-099D-43BA-97F8-6B4E630FBE22}
	EndGlobalSection
	GlobalSection(ExtensibilityGlobals) = postSolution
		SolutionGuid = {62F7BB3E-157C-4F7F-98A9-9BFB201B99EC}
	EndGlobalSection
EndGlobal
